
Microsoft Visual Studio Solution File, Format Version 12.00
# Visual Studio 2013
VisualStudioVersion = 12.0.31101.0
MinimumVisualStudioVersion = 10.0.40219.1
Project("{FAE04EC0-301F-11D3-BF4B-00C04F79EFBC}") = "1-MutableApp", "MutableApp\1-MutableApp.csproj", "{20E90AD2-153B-480E-A653-89C5C6DB225C}"
EndProject
Project("{FAE04EC0-301F-11D3-BF4B-00C04F79EFBC}") = "3-ImmutableList", "ImmutableList\3-ImmutableList.csproj", "{024A0ADB-A26E-4D8F-9F80-1702BEBB2A0D}"
EndProject
Project("{FAE04EC0-301F-11D3-BF4B-00C04F79EFBC}") = "2-ImmutableApp", "ImmutableApp\2-ImmutableApp.csproj", "{9B247C5C-CD6B-4682-9060-135F06736D3A}"
EndProject
Global
	GlobalSection(SolutionConfigurationPlatforms) = preSolution
		Debug|Any CPU = Debug|Any CPU
		Release|Any CPU = Release|Any CPU
	EndGlobalSection
	GlobalSection(ProjectConfigurationPlatforms) = postSolution
		{20E90AD2-153B-480E-A653-89C5C6DB225C}.Debug|Any CPU.ActiveCfg = Debug|Any CPU
		{20E90AD2-153B-480E-A653-89C5C6DB225C}.Debug|Any CPU.Build.0 = Debug|Any CPU
		{20E90AD2-153B-480E-A653-89C5C6DB225C}.Release|Any CPU.ActiveCfg = Release|Any CPU
		{20E90AD2-153B-480E-A653-89C5C6DB225C}.Release|Any CPU.Build.0 = Release|Any CPU
		{024A0ADB-A26E-4D8F-9F80-1702BEBB2A0D}.Debug|Any CPU.ActiveCfg = Debug|Any CPU
		{024A0ADB-A26E-4D8F-9F80-1702BEBB2A0D}.Debug|Any CPU.Build.0 = Debug|Any CPU
		{024A0ADB-A26E-4D8F-9F80-1702BEBB2A0D}.Release|Any CPU.ActiveCfg = Release|Any CPU
		{024A0ADB-A26E-4D8F-9F80-1702BEBB2A0D}.Release|Any CPU.Build.0 = Release|Any CPU
		{9B247C5C-CD6B-4682-9060-135F06736D3A}.Debug|Any CPU.ActiveCfg = Debug|Any CPU
		{9B247C5C-CD6B-4682-9060-135F06736D3A}.Debug|Any CPU.Build.0 = Debug|Any CPU
		{9B247C5C-CD6B-4682-9060-135F06736D3A}.Release|Any CPU.ActiveCfg = Release|Any CPU
		{9B247C5C-CD6B-4682-9060-135F06736D3A}.Release|Any CPU.Build.0 = Release|Any CPU
	EndGlobalSection
	GlobalSection(SolutionProperties) = preSolution
		HideSolutionNode = FALSE
	EndGlobalSection
EndGlobal
